
Microsoft Visual Studio Solution File, Format Version 12.00
# Visual Studio Version 16
VisualStudioVersion = 16.0.30002.166
MinimumVisualStudioVersion = 10.0.40219.1
Project("{9A19103F-16F7-4668-BE54-9A1E7A4F7556}") = "SorteadorFolgados", "SorteadorFolgados\SorteadorFolgados.csproj", "{59C82059-9D44-4D25-8FD8-88A17AA03F12}"
EndProject
Project("{2150E333-8FDC-42A3-9474-1A3956D46DE8}") = "0 - Presentation", "0 - Presentation", "{5BACCA3C-D37E-4D02-9DCF-0D6BACBB0949}"
EndProject
Project("{2150E333-8FDC-42A3-9474-1A3956D46DE8}") = "1 - Application", "1 - Application", "{EC07A998-F8E9-45BE-A331-A5B82AA04BD8}"
EndProject
Project("{2150E333-8FDC-42A3-9474-1A3956D46DE8}") = "2 - Domain", "2 - Domain", "{D5A054B7-0BFF-48D8-9611-5569F2E8CE83}"
EndProject
Project("{2150E333-8FDC-42A3-9474-1A3956D46DE8}") = "3 - Infra", "3 - Infra", "{0DF060BF-04AA-4A56-9548-9628ACCE9862}"
EndProject
Project("{9A19103F-16F7-4668-BE54-9A1E7A4F7556}") = "SorteadorFolgados.Domain", "SorteadorFolgados.Domain\SorteadorFolgados.Domain.csproj", "{9F6A0FE9-3B68-4EB4-90F9-9030171B17DD}"
EndProject
Project("{9A19103F-16F7-4668-BE54-9A1E7A4F7556}") = "SorteadorFolgados.Infra", "SorteadorFolgados.Infra\SorteadorFolgados.Infra.csproj", "{95B6E364-86A7-465C-9D59-0CF2AE5C15CE}"
EndProject
Project("{9A19103F-16F7-4668-BE54-9A1E7A4F7556}") = "SorteadorFolgados.Application", "SorteadorFolgados.Application\SorteadorFolgados.Application.csproj", "{F609B116-7FDB-4594-AA7C-A6E6B3BB5510}"
EndProject
Project("{2150E333-8FDC-42A3-9474-1A3956D46DE8}") = "Solution Items", "Solution Items", "{F682F3CB-312E-4256-8822-8B1CBBBD0CE4}"
	ProjectSection(SolutionItems) = preProject
		kestrel-sorteador.service = kestrel-sorteador.service
		nginx-config = nginx-config
	EndProjectSection
EndProject
Global
	GlobalSection(SolutionConfigurationPlatforms) = preSolution
		Debug|Any CPU = Debug|Any CPU
		Release|Any CPU = Release|Any CPU
	EndGlobalSection
	GlobalSection(ProjectConfigurationPlatforms) = postSolution
		{59C82059-9D44-4D25-8FD8-88A17AA03F12}.Debug|Any CPU.ActiveCfg = Debug|Any CPU
		{59C82059-9D44-4D25-8FD8-88A17AA03F12}.Debug|Any CPU.Build.0 = Debug|Any CPU
		{59C82059-9D44-4D25-8FD8-88A17AA03F12}.Release|Any CPU.ActiveCfg = Release|Any CPU
		{59C82059-9D44-4D25-8FD8-88A17AA03F12}.Release|Any CPU.Build.0 = Release|Any CPU
		{9F6A0FE9-3B68-4EB4-90F9-9030171B17DD}.Debug|Any CPU.ActiveCfg = Debug|Any CPU
		{9F6A0FE9-3B68-4EB4-90F9-9030171B17DD}.Debug|Any CPU.Build.0 = Debug|Any CPU
		{9F6A0FE9-3B68-4EB4-90F9-9030171B17DD}.Release|Any CPU.ActiveCfg = Release|Any CPU
		{9F6A0FE9-3B68-4EB4-90F9-9030171B17DD}.Release|Any CPU.Build.0 = Release|Any CPU
		{95B6E364-86A7-465C-9D59-0CF2AE5C15CE}.Debug|Any CPU.ActiveCfg = Debug|Any CPU
		{95B6E364-86A7-465C-9D59-0CF2AE5C15CE}.Debug|Any CPU.Build.0 = Debug|Any CPU
		{95B6E364-86A7-465C-9D59-0CF2AE5C15CE}.Release|Any CPU.ActiveCfg = Release|Any CPU
		{95B6E364-86A7-465C-9D59-0CF2AE5C15CE}.Release|Any CPU.Build.0 = Release|Any CPU
		{F609B116-7FDB-4594-AA7C-A6E6B3BB5510}.Debug|Any CPU.ActiveCfg = Debug|Any CPU
		{F609B116-7FDB-4594-AA7C-A6E6B3BB5510}.Debug|Any CPU.Build.0 = Debug|Any CPU
		{F609B116-7FDB-4594-AA7C-A6E6B3BB5510}.Release|Any CPU.ActiveCfg = Release|Any CPU
		{F609B116-7FDB-4594-AA7C-A6E6B3BB5510}.Release|Any CPU.Build.0 = Release|Any CPU
	EndGlobalSection
	GlobalSection(SolutionProperties) = preSolution
		HideSolutionNode = FALSE
	EndGlobalSection
	GlobalSection(NestedProjects) = preSolution
		{59C82059-9D44-4D25-8FD8-88A17AA03F12} = {5BACCA3C-D37E-4D02-9DCF-0D6BACBB0949}
		{9F6A0FE9-3B68-4EB4-90F9-9030171B17DD} = {D5A054B7-0BFF-48D8-9611-5569F2E8CE83}
		{95B6E364-86A7-465C-9D59-0CF2AE5C15CE} = {0DF060BF-04AA-4A56-9548-9628ACCE9862}
		{F609B116-7FDB-4594-AA7C-A6E6B3BB5510} = {EC07A998-F8E9-45BE-A331-A5B82AA04BD8}
	EndGlobalSection
	GlobalSection(ExtensibilityGlobals) = postSolution
		SolutionGuid = {2C0A1846-84C0-42A4-B981-8E16423E6FEF}
	EndGlobalSection
EndGlobal
